hash: 210a0c2c1fbe215a34cedb856ed477123e52de6f8297fb7d5096b1a79093c8aa
updated: 2016-10-13T22:35:58.334300194-07:00
imports:
- name: github.com/dgrijalva/jwt-go
  version: f0777076321ab64f6efc15a82d9d23b98539b943
- name: github.com/op/go-logging
  version: 970db520ece77730c7e4724c61121037378659d9
- name: github.com/stretchr/testify
  version: d77da356e56a7428ad25149ca77381849a6a5232
devImports: []
